
Microsoft Visual Studio Solution File, Format Version 12.00
# Visual Studio Version 17
VisualStudioVersion = 17.4.33403.182
MinimumVisualStudioVersion = 10.0.40219.1
Project("{9A19103F-16F7-4668-BE54-9A1E7A4F7556}") = "EmployeeRegistration", "EmployeeRegistration\EmployeeRegistration.csproj", "{D183874F-5E43-4AC3-B8F9-A7E3192FEB74}"
EndProject
Global
	GlobalSection(SolutionConfigurationPlatforms) = preSolution
		Debug|Any CPU = Debug|Any CPU
		Release|Any CPU = Release|Any CPU
	EndGlobalSection
	GlobalSection(ProjectConfigurationPlatforms) = postSolution
		{D183874F-5E43-4AC3-B8F9-A7E3192FEB74}.Debug|Any CPU.ActiveCfg = Release|Any CPU
		{D183874F-5E43-4AC3-B8F9-A7E3192FEB74}.Debug|Any CPU.Build.0 = Release|Any CPU
		{D183874F-5E43-4AC3-B8F9-A7E3192FEB74}.Release|Any CPU.ActiveCfg = Release|Any CPU
		{D183874F-5E43-4AC3-B8F9-A7E3192FEB74}.Release|Any CPU.Build.0 = Release|Any CPU
	EndGlobalSection
	GlobalSection(SolutionProperties) = preSolution
		HideSolutionNode = FALSE
	EndGlobalSection
	GlobalSection(ExtensibilityGlobals) = postSolution
		SolutionGuid = {148B60AC-6473-4BB2-8BF1-C9B99DBC64D4}
	EndGlobalSection
EndGlobal
